
Microsoft Visual Studio Solution File, Format Version 12.00
# Visual Studio Version 17
VisualStudioVersion = 17.4.33205.214
MinimumVisualStudioVersion = 10.0.40219.1
Project("{9A19103F-16F7-4668-BE54-9A1E7A4F7556}") = "E-commerce(Selester)APi", "E-commerce(Selester)APi\E-commerce(Selester)APi.csproj", "{517FE3FC-9690-4966-846E-2388C9E1CAB1}"
EndProject
Project("{9A19103F-16F7-4668-BE54-9A1E7A4F7556}") = "Domin", "Domin\Domin.csproj", "{954F030C-749C-49D2-8879-B5E6F5178700}"
EndProject
Project("{9A19103F-16F7-4668-BE54-9A1E7A4F7556}") = "Infrastructure", "Infrastructure\Infrastructure.csproj", "{D258B3A0-52AF-437C-B0FE-9BD22CD54CA3}"
EndProject
Global
	GlobalSection(SolutionConfigurationPlatforms) = preSolution
		Debug|Any CPU = Debug|Any CPU
		Release|Any CPU = Release|Any CPU
	EndGlobalSection
	GlobalSection(ProjectConfigurationPlatforms) = postSolution
		{517FE3FC-9690-4966-846E-2388C9E1CAB1}.Debug|Any CPU.ActiveCfg = Debug|Any CPU
		{517FE3FC-9690-4966-846E-2388C9E1CAB1}.Debug|Any CPU.Build.0 = Debug|Any CPU
		{517FE3FC-9690-4966-846E-2388C9E1CAB1}.Release|Any CPU.ActiveCfg = Release|Any CPU
		{517FE3FC-9690-4966-846E-2388C9E1CAB1}.Release|Any CPU.Build.0 = Release|Any CPU
		{954F030C-749C-49D2-8879-B5E6F5178700}.Debug|Any CPU.ActiveCfg = Debug|Any CPU
		{954F030C-749C-49D2-8879-B5E6F5178700}.Debug|Any CPU.Build.0 = Debug|Any CPU
		{954F030C-749C-49D2-8879-B5E6F5178700}.Release|Any CPU.ActiveCfg = Release|Any CPU
		{954F030C-749C-49D2-8879-B5E6F5178700}.Release|Any CPU.Build.0 = Release|Any CPU
		{D258B3A0-52AF-437C-B0FE-9BD22CD54CA3}.Debug|Any CPU.ActiveCfg = Debug|Any CPU
		{D258B3A0-52AF-437C-B0FE-9BD22CD54CA3}.Debug|Any CPU.Build.0 = Debug|Any CPU
		{D258B3A0-52AF-437C-B0FE-9BD22CD54CA3}.Release|Any CPU.ActiveCfg = Release|Any CPU
		{D258B3A0-52AF-437C-B0FE-9BD22CD54CA3}.Release|Any CPU.Build.0 = Release|Any CPU
	EndGlobalSection
	GlobalSection(SolutionProperties) = preSolution
		HideSolutionNode = FALSE
	EndGlobalSection
	GlobalSection(ExtensibilityGlobals) = postSolution
		SolutionGuid = {7C15E7D7-8EF6-4DBA-982F-6C09AD3FCA37}
	EndGlobalSection
EndGlobal
